[auth]
sha256 = "372c119e7f4828bcd24fffa18efa099466dde431ca6fa152da70082dad7d5dea"
sha512 = "c9778f69ff6017f122d6c9135253c7b263270476962a78edef4bfc3a38ada9d64e404bc2715f7611db14d876afdad752b04003558def2d518884a4da82baba40"

[io]
sha256 = "9f1ad5da70f621bbd4c69e3bd90250a0c12ecfde266aa8f99684fc44bc1e7c15"
sha512 = "6d0a9db6848f24762933d1c168a5b5b1065ba838c253ee20454afeb8dd1a049b918d25deff556083d68095dd3126ae131ac3e738774320eee5d918f5a4b5354e"

[keyvalue]
sha256 = "6aca6ad2b990896e38dbbab7059a08ce922a8814957c69d31300d52b142a6f1a"
sha512 = "b681313c99748c01d4eab63c342930e2f1321978863a2af587f46ffdc9d83d517e75713d821445317baa9567a690b5de136fda07e09370c112880b7ff52ef634"

[mcp-v20251125]
url = "https://github.com/wasmcp/wasmcp/releases/download/mcp-v2025-11-25-v0.1.1/wasmcp-mcp-v2025-11-25-0.1.1-source.tar.gz"
sha256 = "883c189f68711f0da1ad66b460f6306dc666a3310ddbce491ca2e632caec703c"
sha512 = "43d2d96c057255686a1c963b88b4b8064b53b665865bb41e666e150812ca5440038da132790e08f4102f2d55563a2b2daa640dc19f4257e1dfd1d706f61c549b"
deps = ["auth", "io", "keyvalue"]
